
Microsoft Visual Studio Solution File, Format Version 12.00
# Visual Studio 2013
VisualStudioVersion = 12.0.31101.0
MinimumVisualStudioVersion = 10.0.40219.1
Project("{FAE04EC0-301F-11D3-BF4B-00C04F79EFBC}") = "OpenXmlPowerTools", "OpenXmlPowerTools\OpenXmlPowerTools.csproj", "{6F957FF3-AFCC-4D69-8FBC-71AE21BC45C9}"
EndProject
Project("{FAE04EC0-301F-11D3-BF4B-00C04F79EFBC}") = "ChartUpdater01", "OpenXmlPowerToolsExamples\ChartUpdater01\ChartUpdater01.csproj", "{1B03D24F-FB08-42E1-BB25-2D1BB907991B}"
EndProject
Project("{FAE04EC0-301F-11D3-BF4B-00C04F79EFBC}") = "DocumentBuilder01", "OpenXmlPowerToolsExamples\DocumentBuilder01\DocumentBuilder01.csproj", "{A8A6FCF0-CA4F-4637-8E66-D86603B92204}"
EndProject
Project("{FAE04EC0-301F-11D3-BF4B-00C04F79EFBC}") = "DocumentBuilder02", "OpenXmlPowerToolsExamples\DocumentBuilder02\DocumentBuilder02.csproj", "{BF8153AA-C390-4D00-98F2-083DEFEC7094}"
EndProject
Project("{FAE04EC0-301F-11D3-BF4B-00C04F79EFBC}") = "DocumentBuilder03", "OpenXmlPowerToolsExamples\DocumentBuilder03\DocumentBuilder03.csproj", "{BE635672-D3FD-42C5-96E3-EDE50E05CE29}"
EndProject
Project("{FAE04EC0-301F-11D3-BF4B-00C04F79EFBC}") = "DocumentBuilder04", "OpenXmlPowerToolsExamples\DocumentBuilder04\DocumentBuilder04.csproj", "{CE0ECABB-03AD-42CE-A5BD-D0CC4DCE35AB}"
EndProject
Project("{FAE04EC0-301F-11D3-BF4B-00C04F79EFBC}") = "FieldRetriever01", "OpenXmlPowerToolsExamples\FieldRetriever01\FieldRetriever01.csproj", "{E1FD7B15-FA09-4F7F-A30E-9FBD9F765D02}"
EndProject
Project("{FAE04EC0-301F-11D3-BF4B-00C04F79EFBC}") = "FormattingAssembler01", "OpenXmlPowerToolsExamples\FormattingAssembler01\FormattingAssembler01.csproj", "{6EAF15B6-98BE-428B-A018-A5266521551E}"
EndProject
Project("{FAE04EC0-301F-11D3-BF4B-00C04F79EFBC}") = "Formulas01", "OpenXmlPowerToolsExamples\Formulas01\Formulas01.csproj", "{618B95DB-3A70-4DC8-BD87-00F636F72453}"
EndProject
Project("{FAE04EC0-301F-11D3-BF4B-00C04F79EFBC}") = "HtmlConverter01", "OpenXmlPowerToolsExamples\HtmlConverter01\HtmlConverter01.csproj", "{BC9E7408-508D-482D-8602-96E76ACBB5EA}"
EndProject
Project("{FAE04EC0-301F-11D3-BF4B-00C04F79EFBC}") = "ListItemRetriever01", "OpenXmlPowerToolsExamples\ListItemRetriever01\ListItemRetriever01.csproj", "{04935FA6-E48B-496F-8D6A-41A59232303D}"
EndProject
Project("{FAE04EC0-301F-11D3-BF4B-00C04F79EFBC}") = "MarkupSimplifierApp", "OpenXmlPowerToolsExamples\MarkupSimplifierApp\MarkupSimplifierApp.csproj", "{0CCE83BA-8B8B-4B98-8846-B62A61FDF170}"
EndProject
Project("{FAE04EC0-301F-11D3-BF4B-00C04F79EFBC}") = "MetricsGetter01", "OpenXmlPowerToolsExamples\MetricsGetter01\MetricsGetter01.csproj", "{ED37372C-DFBF-4720-BD4B-CE1415961038}"
EndProject
Project("{FAE04EC0-301F-11D3-BF4B-00C04F79EFBC}") = "OpenXmlRegex01", "OpenXmlPowerToolsExamples\OpenXmlRegex01\OpenXmlRegex01.csproj", "{4330D46F-6703-4BA2-844D-177F722C0820}"
EndProject
Project("{FAE04EC0-301F-11D3-BF4B-00C04F79EFBC}") = "PivotTables01", "OpenXmlPowerToolsExamples\PivotTables01\PivotTables01.csproj", "{6785A554-BBBB-480C-8E4D-9FE90DD91A46}"
EndProject
Project("{FAE04EC0-301F-11D3-BF4B-00C04F79EFBC}") = "PresentationBuilder01", "OpenXmlPowerToolsExamples\PresentationBuilder01\PresentationBuilder01.csproj", "{A4128935-B707-4D56-B924-27910EC92664}"
EndProject
Project("{FAE04EC0-301F-11D3-BF4B-00C04F79EFBC}") = "PresentationBuilder02", "OpenXmlPowerToolsExamples\PresentationBuilder02\PresentationBuilder02.csproj", "{495060B4-BD80-4B18-AC44-4680F0D6D5DB}"
EndProject
Project("{FAE04EC0-301F-11D3-BF4B-00C04F79EFBC}") = "ReferenceAdder01", "OpenXmlPowerToolsExamples\ReferenceAdder01\ReferenceAdder01.csproj", "{211F05D3-F8EE-497F-9DE9-AFFA0A72140D}"
EndProject
Project("{FAE04EC0-301F-11D3-BF4B-00C04F79EFBC}") = "RevisionAccepter01", "OpenXmlPowerToolsExamples\RevisionAccepter01\RevisionAccepter01.csproj", "{84823BA5-B860-4CAF-885E-981D7F121830}"
EndProject
Project("{FAE04EC0-301F-11D3-BF4B-00C04F79EFBC}") = "TextReplacer01", "OpenXmlPowerToolsExamples\TextReplacer01\TextReplacer01.csproj", "{5CA29B44-C4A5-4310-9429-553F0BC9FC1D}"
EndProject
Project("{FAE04EC0-301F-11D3-BF4B-00C04F79EFBC}") = "TextReplacer02", "OpenXmlPowerToolsExamples\TextReplacer02\TextReplacer02.csproj", "{153E5218-E9C0-4ED8-9073-0802204C8B90}"
EndProject
Project("{FAE04EC0-301F-11D3-BF4B-00C04F79EFBC}") = "DocumentAssembler01", "OpenXmlPowerToolsExamples\DocumentAssembler01\DocumentAssembler01.csproj", "{EFE77658-EDD7-4597-8016-CBE4A18951B0}"
EndProject
Project("{FAE04EC0-301F-11D3-BF4B-00C04F79EFBC}") = "DocumentAssembler", "OpenXmlPowerToolsExamples\DocumentAssembler\DocumentAssembler.csproj", "{2D081A36-48F9-4A09-8247-420682545492}"
EndProject
Project("{FAE04EC0-301F-11D3-BF4B-00C04F79EFBC}") = "SpreadsheetWriter01", "OpenXmlPowerToolsExamples\SpreadsheetWriter01\SpreadsheetWriter01.csproj", "{0911F996-DF86-4FB1-A1CE-0539599EC0E0}"
EndProject
Project("{FAE04EC0-301F-11D3-BF4B-00C04F79EFBC}") = "SpreadsheetWriter02", "OpenXmlPowerToolsExamples\SpreadsheetWriter02\SpreadsheetWriter02.csproj", "{DF1D84AF-27B8-4F87-A673-CCFADC3AAF02}"
EndProject
Project("{FAE04EC0-301F-11D3-BF4B-00C04F79EFBC}") = "OpenXmlPowerTools.Tests", "OpenXmlPowerTools.Tests\OpenXmlPowerTools.Tests.csproj", "{B1328B70-33B8-40E0-A729-38C34D659B5C}"
EndProject
Project("{FAE04EC0-301F-11D3-BF4B-00C04F79EFBC}") = "DocumentAssembler02", "OpenXmlPowerToolsExamples\DocumentAssembler02\DocumentAssembler02.csproj", "{D6DFAC7C-82F4-4318-A9F0-6450D2945D96}"
EndProject
Project("{FAE04EC0-301F-11D3-BF4B-00C04F79EFBC}") = "HtmlToWmlConverter01", "OpenXmlPowerToolsExamples\HtmlToWmlConverter01\HtmlToWmlConverter01.csproj", "{9E194D13-F5A0-4430-8F87-D74326457385}"
EndProject
Project("{FAE04EC0-301F-11D3-BF4B-00C04F79EFBC}") = "DocumentAssembler03", "OpenXmlPowerToolsExamples\DocumentAssembler03\DocumentAssembler03.csproj", "{214F0E80-D2E3-4E19-A3FC-2BE15B3906B0}"
EndProject
Project("{FAE04EC0-301F-11D3-BF4B-00C04F79EFBC}") = "HtmlToWmlConverter02", "OpenXmlPowerToolsExamples\HtmlToWmlConverter02\HtmlToWmlConverter02.csproj", "{1E75CB7D-2A4A-4B03-80A9-7B7D59B18BB4}"
EndProject
Project("{2150E333-8FDC-42A3-9474-1A3956D46DE8}") = ".nuget", ".nuget", "{669B5F06-D45D-46F3-B974-E96CE3CF84B5}"
	ProjectSection(SolutionItems) = preProject
		.nuget\packages.config = .nuget\packages.config
	EndProjectSection
EndProject
Project("{FAE04EC0-301F-11D3-BF4B-00C04F79EFBC}") = "WmlToHtmlConverter01", "OpenXmlPowerToolsExamples\WmlToHtmlConverter01\WmlToHtmlConverter01.csproj", "{396D9209-0D9A-4E61-9471-04C71F6CA6B9}"
EndProject
Global
	GlobalSection(SolutionConfigurationPlatforms) = preSolution
		Debug|Any CPU = Debug|Any CPU
		Release|Any CPU = Release|Any CPU
	EndGlobalSection
	GlobalSection(ProjectConfigurationPlatforms) = postSolution
		{6F957FF3-AFCC-4D69-8FBC-71AE21BC45C9}.Debug|Any CPU.ActiveCfg = Debug|Any CPU
		{6F957FF3-AFCC-4D69-8FBC-71AE21BC45C9}.Debug|Any CPU.Build.0 = Debug|Any CPU
		{6F957FF3-AFCC-4D69-8FBC-71AE21BC45C9}.Release|Any CPU.ActiveCfg = Release|Any CPU
		{6F957FF3-AFCC-4D69-8FBC-71AE21BC45C9}.Release|Any CPU.Build.0 = Release|Any CPU
		{1B03D24F-FB08-42E1-BB25-2D1BB907991B}.Debug|Any CPU.ActiveCfg = Debug|Any CPU
		{1B03D24F-FB08-42E1-BB25-2D1BB907991B}.Debug|Any CPU.Build.0 = Debug|Any CPU
		{1B03D24F-FB08-42E1-BB25-2D1BB907991B}.Release|Any CPU.ActiveCfg = Release|Any CPU
		{1B03D24F-FB08-42E1-BB25-2D1BB907991B}.Release|Any CPU.Build.0 = Release|Any CPU
		{A8A6FCF0-CA4F-4637-8E66-D86603B92204}.Debug|Any CPU.ActiveCfg = Debug|Any CPU
		{A8A6FCF0-CA4F-4637-8E66-D86603B92204}.Debug|Any CPU.Build.0 = Debug|Any CPU
		{A8A6FCF0-CA4F-4637-8E66-D86603B92204}.Release|Any CPU.ActiveCfg = Release|Any CPU
		{A8A6FCF0-CA4F-4637-8E66-D86603B92204}.Release|Any CPU.Build.0 = Release|Any CPU
		{BF8153AA-C390-4D00-98F2-083DEFEC7094}.Debug|Any CPU.ActiveCfg = Debug|Any CPU
		{BF8153AA-C390-4D00-98F2-083DEFEC7094}.Debug|Any CPU.Build.0 = Debug|Any CPU
		{BF8153AA-C390-4D00-98F2-083DEFEC7094}.Release|Any CPU.ActiveCfg = Release|Any CPU
		{BF8153AA-C390-4D00-98F2-083DEFEC7094}.Release|Any CPU.Build.0 = Release|Any CPU
		{BE635672-D3FD-42C5-96E3-EDE50E05CE29}.Debug|Any CPU.ActiveCfg = Debug|Any CPU
		{BE635672-D3FD-42C5-96E3-EDE50E05CE29}.Debug|Any CPU.Build.0 = Debug|Any CPU
		{BE635672-D3FD-42C5-96E3-EDE50E05CE29}.Release|Any CPU.ActiveCfg = Release|Any CPU
		{BE635672-D3FD-42C5-96E3-EDE50E05CE29}.Release|Any CPU.Build.0 = Release|Any CPU
		{CE0ECABB-03AD-42CE-A5BD-D0CC4DCE35AB}.Debug|Any CPU.ActiveCfg = Debug|Any CPU
		{CE0ECABB-03AD-42CE-A5BD-D0CC4DCE35AB}.Debug|Any CPU.Build.0 = Debug|Any CPU
		{CE0ECABB-03AD-42CE-A5BD-D0CC4DCE35AB}.Release|Any CPU.ActiveCfg = Release|Any CPU
		{CE0ECABB-03AD-42CE-A5BD-D0CC4DCE35AB}.Release|Any CPU.Build.0 = Release|Any CPU
		{E1FD7B15-FA09-4F7F-A30E-9FBD9F765D02}.Debug|Any CPU.ActiveCfg = Debug|Any CPU
		{E1FD7B15-FA09-4F7F-A30E-9FBD9F765D02}.Debug|Any CPU.Build.0 = Debug|Any CPU
		{E1FD7B15-FA09-4F7F-A30E-9FBD9F765D02}.Release|Any CPU.ActiveCfg = Release|Any CPU
		{E1FD7B15-FA09-4F7F-A30E-9FBD9F765D02}.Release|Any CPU.Build.0 = Release|Any CPU
		{6EAF15B6-98BE-428B-A018-A5266521551E}.Debug|Any CPU.ActiveCfg = Debug|Any CPU
		{6EAF15B6-98BE-428B-A018-A5266521551E}.Debug|Any CPU.Build.0 = Debug|Any CPU
		{6EAF15B6-98BE-428B-A018-A5266521551E}.Release|Any CPU.ActiveCfg = Release|Any CPU
		{6EAF15B6-98BE-428B-A018-A5266521551E}.Release|Any CPU.Build.0 = Release|Any CPU
		{618B95DB-3A70-4DC8-BD87-00F636F72453}.Debug|Any CPU.ActiveCfg = Debug|Any CPU
		{618B95DB-3A70-4DC8-BD87-00F636F72453}.Debug|Any CPU.Build.0 = Debug|Any CPU
		{618B95DB-3A70-4DC8-BD87-00F636F72453}.Release|Any CPU.ActiveCfg = Release|Any CPU
		{618B95DB-3A70-4DC8-BD87-00F636F72453}.Release|Any CPU.Build.0 = Release|Any CPU
		{BC9E7408-508D-482D-8602-96E76ACBB5EA}.Debug|Any CPU.ActiveCfg = Debug|Any CPU
		{BC9E7408-508D-482D-8602-96E76ACBB5EA}.Debug|Any CPU.Build.0 = Debug|Any CPU
		{BC9E7408-508D-482D-8602-96E76ACBB5EA}.Release|Any CPU.ActiveCfg = Release|Any CPU
		{BC9E7408-508D-482D-8602-96E76ACBB5EA}.Release|Any CPU.Build.0 = Release|Any CPU
		{04935FA6-E48B-496F-8D6A-41A59232303D}.Debug|Any CPU.ActiveCfg = Debug|Any CPU
		{04935FA6-E48B-496F-8D6A-41A59232303D}.Debug|Any CPU.Build.0 = Debug|Any CPU
		{04935FA6-E48B-496F-8D6A-41A59232303D}.Release|Any CPU.ActiveCfg = Release|Any CPU
		{04935FA6-E48B-496F-8D6A-41A59232303D}.Release|Any CPU.Build.0 = Release|Any CPU
		{0CCE83BA-8B8B-4B98-8846-B62A61FDF170}.Debug|Any CPU.ActiveCfg = Debug|Any CPU
		{0CCE83BA-8B8B-4B98-8846-B62A61FDF170}.Debug|Any CPU.Build.0 = Debug|Any CPU
		{0CCE83BA-8B8B-4B98-8846-B62A61FDF170}.Release|Any CPU.ActiveCfg = Release|Any CPU
		{0CCE83BA-8B8B-4B98-8846-B62A61FDF170}.Release|Any CPU.Build.0 = Release|Any CPU
		{ED37372C-DFBF-4720-BD4B-CE1415961038}.Debug|Any CPU.ActiveCfg = Debug|Any CPU
		{ED37372C-DFBF-4720-BD4B-CE1415961038}.Debug|Any CPU.Build.0 = Debug|Any CPU
		{ED37372C-DFBF-4720-BD4B-CE1415961038}.Release|Any CPU.ActiveCfg = Release|Any CPU
		{ED37372C-DFBF-4720-BD4B-CE1415961038}.Release|Any CPU.Build.0 = Release|Any CPU
		{4330D46F-6703-4BA2-844D-177F722C0820}.Debug|Any CPU.ActiveCfg = Debug|Any CPU
		{4330D46F-6703-4BA2-844D-177F722C0820}.Debug|Any CPU.Build.0 = Debug|Any CPU
		{4330D46F-6703-4BA2-844D-177F722C0820}.Release|Any CPU.ActiveCfg = Release|Any CPU
		{4330D46F-6703-4BA2-844D-177F722C0820}.Release|Any CPU.Build.0 = Release|Any CPU
		{6785A554-BBBB-480C-8E4D-9FE90DD91A46}.Debug|Any CPU.ActiveCfg = Debug|Any CPU
		{6785A554-BBBB-480C-8E4D-9FE90DD91A46}.Debug|Any CPU.Build.0 = Debug|Any CPU
		{6785A554-BBBB-480C-8E4D-9FE90DD91A46}.Release|Any CPU.ActiveCfg = Release|Any CPU
		{6785A554-BBBB-480C-8E4D-9FE90DD91A46}.Release|Any CPU.Build.0 = Release|Any CPU
		{A4128935-B707-4D56-B924-27910EC92664}.Debug|Any CPU.ActiveCfg = Debug|Any CPU
		{A4128935-B707-4D56-B924-27910EC92664}.Debug|Any CPU.Build.0 = Debug|Any CPU
		{A4128935-B707-4D56-B924-27910EC92664}.Release|Any CPU.ActiveCfg = Release|Any CPU
		{A4128935-B707-4D56-B924-27910EC92664}.Release|Any CPU.Build.0 = Release|Any CPU
		{495060B4-BD80-4B18-AC44-4680F0D6D5DB}.Debug|Any CPU.ActiveCfg = Debug|Any CPU
		{495060B4-BD80-4B18-AC44-4680F0D6D5DB}.Debug|Any CPU.Build.0 = Debug|Any CPU
		{495060B4-BD80-4B18-AC44-4680F0D6D5DB}.Release|Any CPU.ActiveCfg = Release|Any CPU
		{495060B4-BD80-4B18-AC44-4680F0D6D5DB}.Release|Any CPU.Build.0 = Release|Any CPU
		{211F05D3-F8EE-497F-9DE9-AFFA0A72140D}.Debug|Any CPU.ActiveCfg = Debug|Any CPU
		{211F05D3-F8EE-497F-9DE9-AFFA0A72140D}.Debug|Any CPU.Build.0 = Debug|Any CPU
		{211F05D3-F8EE-497F-9DE9-AFFA0A72140D}.Release|Any CPU.ActiveCfg = Release|Any CPU
		{211F05D3-F8EE-497F-9DE9-AFFA0A72140D}.Release|Any CPU.Build.0 = Release|Any CPU
		{84823BA5-B860-4CAF-885E-981D7F121830}.Debug|Any CPU.ActiveCfg = Debug|Any CPU
		{84823BA5-B860-4CAF-885E-981D7F121830}.Debug|Any CPU.Build.0 = Debug|Any CPU
		{84823BA5-B860-4CAF-885E-981D7F121830}.Release|Any CPU.ActiveCfg = Release|Any CPU
		{84823BA5-B860-4CAF-885E-981D7F121830}.Release|Any CPU.Build.0 = Release|Any CPU
		{5CA29B44-C4A5-4310-9429-553F0BC9FC1D}.Debug|Any CPU.ActiveCfg = Debug|Any CPU
		{5CA29B44-C4A5-4310-9429-553F0BC9FC1D}.Debug|Any CPU.Build.0 = Debug|Any CPU
		{5CA29B44-C4A5-4310-9429-553F0BC9FC1D}.Release|Any CPU.ActiveCfg = Release|Any CPU
		{5CA29B44-C4A5-4310-9429-553F0BC9FC1D}.Release|Any CPU.Build.0 = Release|Any CPU
		{153E5218-E9C0-4ED8-9073-0802204C8B90}.Debug|Any CPU.ActiveCfg = Debug|Any CPU
		{153E5218-E9C0-4ED8-9073-0802204C8B90}.Debug|Any CPU.Build.0 = Debug|Any CPU
		{153E5218-E9C0-4ED8-9073-0802204C8B90}.Release|Any CPU.ActiveCfg = Release|Any CPU
		{153E5218-E9C0-4ED8-9073-0802204C8B90}.Release|Any CPU.Build.0 = Release|Any CPU
		{EFE77658-EDD7-4597-8016-CBE4A18951B0}.Debug|Any CPU.ActiveCfg = Debug|Any CPU
		{EFE77658-EDD7-4597-8016-CBE4A18951B0}.Debug|Any CPU.Build.0 = Debug|Any CPU
		{EFE77658-EDD7-4597-8016-CBE4A18951B0}.Release|Any CPU.ActiveCfg = Release|Any CPU
		{EFE77658-EDD7-4597-8016-CBE4A18951B0}.Release|Any CPU.Build.0 = Release|Any CPU
		{2D081A36-48F9-4A09-8247-420682545492}.Debug|Any CPU.ActiveCfg = Debug|Any CPU
		{2D081A36-48F9-4A09-8247-420682545492}.Debug|Any CPU.Build.0 = Debug|Any CPU
		{2D081A36-48F9-4A09-8247-420682545492}.Release|Any CPU.ActiveCfg = Release|Any CPU
		{2D081A36-48F9-4A09-8247-420682545492}.Release|Any CPU.Build.0 = Release|Any CPU
		{0911F996-DF86-4FB1-A1CE-0539599EC0E0}.Debug|Any CPU.ActiveCfg = Debug|Any CPU
		{0911F996-DF86-4FB1-A1CE-0539599EC0E0}.Debug|Any CPU.Build.0 = Debug|Any CPU
		{0911F996-DF86-4FB1-A1CE-0539599EC0E0}.Release|Any CPU.ActiveCfg = Release|Any CPU
		{0911F996-DF86-4FB1-A1CE-0539599EC0E0}.Release|Any CPU.Build.0 = Release|Any CPU
		{DF1D84AF-27B8-4F87-A673-CCFADC3AAF02}.Debug|Any CPU.ActiveCfg = Debug|Any CPU
		{DF1D84AF-27B8-4F87-A673-CCFADC3AAF02}.Debug|Any CPU.Build.0 = Debug|Any CPU
		{DF1D84AF-27B8-4F87-A673-CCFADC3AAF02}.Release|Any CPU.ActiveCfg = Release|Any CPU
		{DF1D84AF-27B8-4F87-A673-CCFADC3AAF02}.Release|Any CPU.Build.0 = Release|Any CPU
		{B1328B70-33B8-40E0-A729-38C34D659B5C}.Debug|Any CPU.ActiveCfg = Debug|Any CPU
		{B1328B70-33B8-40E0-A729-38C34D659B5C}.Debug|Any CPU.Build.0 = Debug|Any CPU
		{B1328B70-33B8-40E0-A729-38C34D659B5C}.Release|Any CPU.ActiveCfg = Release|Any CPU
		{B1328B70-33B8-40E0-A729-38C34D659B5C}.Release|Any CPU.Build.0 = Release|Any CPU
		{D6DFAC7C-82F4-4318-A9F0-6450D2945D96}.Debug|Any CPU.ActiveCfg = Debug|Any CPU
		{D6DFAC7C-82F4-4318-A9F0-6450D2945D96}.Debug|Any CPU.Build.0 = Debug|Any CPU
		{D6DFAC7C-82F4-4318-A9F0-6450D2945D96}.Release|Any CPU.ActiveCfg = Release|Any CPU
		{D6DFAC7C-82F4-4318-A9F0-6450D2945D96}.Release|Any CPU.Build.0 = Release|Any CPU
		{9E194D13-F5A0-4430-8F87-D74326457385}.Debug|Any CPU.ActiveCfg = Debug|Any CPU
		{9E194D13-F5A0-4430-8F87-D74326457385}.Debug|Any CPU.Build.0 = Debug|Any CPU
		{9E194D13-F5A0-4430-8F87-D74326457385}.Release|Any CPU.ActiveCfg = Release|Any CPU
		{9E194D13-F5A0-4430-8F87-D74326457385}.Release|Any CPU.Build.0 = Release|Any CPU
		{214F0E80-D2E3-4E19-A3FC-2BE15B3906B0}.Debug|Any CPU.ActiveCfg = Debug|Any CPU
		{214F0E80-D2E3-4E19-A3FC-2BE15B3906B0}.Debug|Any CPU.Build.0 = Debug|Any CPU
		{214F0E80-D2E3-4E19-A3FC-2BE15B3906B0}.Release|Any CPU.ActiveCfg = Release|Any CPU
		{214F0E80-D2E3-4E19-A3FC-2BE15B3906B0}.Release|Any CPU.Build.0 = Release|Any CPU
		{1E75CB7D-2A4A-4B03-80A9-7B7D59B18BB4}.Debug|Any CPU.ActiveCfg = Debug|Any CPU
		{1E75CB7D-2A4A-4B03-80A9-7B7D59B18BB4}.Debug|Any CPU.Build.0 = Debug|Any CPU
		{1E75CB7D-2A4A-4B03-80A9-7B7D59B18BB4}.Release|Any CPU.ActiveCfg = Release|Any CPU
		{1E75CB7D-2A4A-4B03-80A9-7B7D59B18BB4}.Release|Any CPU.Build.0 = Release|Any CPU
		{396D9209-0D9A-4E61-9471-04C71F6CA6B9}.Debug|Any CPU.ActiveCfg = Debug|Any CPU
		{396D9209-0D9A-4E61-9471-04C71F6CA6B9}.Debug|Any CPU.Build.0 = Debug|Any CPU
		{396D9209-0D9A-4E61-9471-04C71F6CA6B9}.Release|Any CPU.ActiveCfg = Release|Any CPU
		{396D9209-0D9A-4E61-9471-04C71F6CA6B9}.Release|Any CPU.Build.0 = Release|Any CPU
	EndGlobalSection
	GlobalSection(SolutionProperties) = preSolution
		HideSolutionNode = FALSE
	EndGlobalSection
EndGlobal
