
Microsoft Visual Studio Solution File, Format Version 12.00
# Visual Studio 2013
VisualStudioVersion = 12.0.31101.0
MinimumVisualStudioVersion = 10.0.40219.1
Project("{FAE04EC0-301F-11D3-BF4B-00C04F79EFBC}") = "OpenXmlPowerTools.Tests.OA", "OpenXmlPowerTools.Tests.OA\OpenXmlPowerTools.Tests.OA.csproj", "{2C50A5AF-E34B-4FC4-983F-F30BB49A57AB}"
EndProject
Project("{FAE04EC0-301F-11D3-BF4B-00C04F79EFBC}") = "OpenXmlPowerTools", "OpenXmlPowerTools\OpenXmlPowerTools.csproj", "{6F957FF3-AFCC-4D69-8FBC-71AE21BC45C9}"
EndProject
Project("{2150E333-8FDC-42A3-9474-1A3956D46DE8}") = ".nuget", ".nuget", "{48E49339-3372-413F-AB7B-6B81E6DE690A}"
	ProjectSection(SolutionItems) = preProject
		.nuget\packages.config = .nuget\packages.config
	EndProjectSection
EndProject
Global
	GlobalSection(SolutionConfigurationPlatforms) = preSolution
		Debug|Any CPU = Debug|Any CPU
		Release|Any CPU = Release|Any CPU
	EndGlobalSection
	GlobalSection(ProjectConfigurationPlatforms) = postSolution
		{2C50A5AF-E34B-4FC4-983F-F30BB49A57AB}.Debug|Any CPU.ActiveCfg = Debug|Any CPU
		{2C50A5AF-E34B-4FC4-983F-F30BB49A57AB}.Debug|Any CPU.Build.0 = Debug|Any CPU
		{2C50A5AF-E34B-4FC4-983F-F30BB49A57AB}.Release|Any CPU.ActiveCfg = Release|Any CPU
		{2C50A5AF-E34B-4FC4-983F-F30BB49A57AB}.Release|Any CPU.Build.0 = Release|Any CPU
		{6F957FF3-AFCC-4D69-8FBC-71AE21BC45C9}.Debug|Any CPU.ActiveCfg = Debug|Any CPU
		{6F957FF3-AFCC-4D69-8FBC-71AE21BC45C9}.Debug|Any CPU.Build.0 = Debug|Any CPU
		{6F957FF3-AFCC-4D69-8FBC-71AE21BC45C9}.Release|Any CPU.ActiveCfg = Release|Any CPU
		{6F957FF3-AFCC-4D69-8FBC-71AE21BC45C9}.Release|Any CPU.Build.0 = Release|Any CPU
	EndGlobalSection
	GlobalSection(SolutionProperties) = preSolution
		HideSolutionNode = FALSE
	EndGlobalSection
EndGlobal
